<Solution>
  <Folder Name="/src/">
    <Project Path="src/Hollow/Hollow.csproj" />
    <Project Path="src/Hollow.Explorer/Hollow.Explorer.csproj" />
    <Project Path="src/Hollow.SourceGenerator/Hollow.SourceGenerator.csproj" />
  </Folder>
  <Folder Name="/samples/">
    <Project Path="samples/Hollow.Sample/Hollow.Sample.csproj" />
    <Project Path="samples/Hollow.Explorer.Sample/Hollow.Explorer.Sample.csproj" />
    <Project Path="samples/Hollow.DiffUI.Sample/Hollow.DiffUI.Sample.csproj" />
    <Project Path="samples/Hollow.HistoryUI.Sample/Hollow.HistoryUI.Sample.csproj" />
    <Project Path="samples/Hollow.FakeData/Hollow.FakeData.csproj" />
  </Folder>
  <Folder Name="/benchmarks/">
    <Project Path="benchmarks/Hollow.Benchmarks/Hollow.Benchmarks.csproj" />
  </Folder>
  <Folder Name="/tools/">
    <Project Path="tools/Hollow.Compat/Hollow.Compat.csproj" />
  </Folder>
  <Folder Name="/tests/">
    <Project Path="tests/Hollow.Tests/Hollow.Tests.csproj" />
  </Folder>
</Solution>
